
Microsoft Visual Studio Solution File, Format Version 12.00
# Visual Studio 2013
VisualStudioVersion = 12.0.30501.0
MinimumVisualStudioVersion = 10.0.40219.1
Project("{FAE04EC0-301F-11D3-BF4B-00C04F79EFBC}") = "gettingProcesses", "gettingProcesses\gettingProcesses.csproj", "{FE365433-82F2-4861-860D-BB031EF40094}"
EndProject
Global
	GlobalSection(SolutionConfigurationPlatforms) = preSolution
		Debug|Any CPU = Debug|Any CPU
		Release|Any CPU = Release|Any CPU
	EndGlobalSection
	GlobalSection(ProjectConfigurationPlatforms) = postSolution
		{FE365433-82F2-4861-860D-BB031EF40094}.Debug|Any CPU.ActiveCfg = Debug|Any CPU
		{FE365433-82F2-4861-860D-BB031EF40094}.Debug|Any CPU.Build.0 = Debug|Any CPU
		{FE365433-82F2-4861-860D-BB031EF40094}.Release|Any CPU.ActiveCfg = Release|Any CPU
		{FE365433-82F2-4861-860D-BB031EF40094}.Release|Any CPU.Build.0 = Release|Any CPU
	EndGlobalSection
	GlobalSection(SolutionProperties) = preSolution
		HideSolutionNode = FALSE
	EndGlobalSection
EndGlobal
